{
	"name": "docker-jokes",
	"version": "1.0.2",
	"lockfileVersion": 3,
	"requires": true,
	"packages": {
		"": {
			"name": "docker-jokes",
			"version": "1.0.2",
			"license": "SEE LICENSE IN LICENSE",
			"devDependencies": {
				"@cspell/dict-bash": "^4.2.0",
				"@cspell/dict-companies": "^3.2.1",
				"@cspell/dict-docker": "^1.1.14",
				"@cspell/dict-fr-fr": "^2.3.0",
				"@cspell/dict-git": "^3.0.6",
				"@cspell/dict-markdown": "^2.0.11",
				"@cspell/dict-software-terms": "^5.1.2",
				"prettier": "^3.6.2",
				"prettier-plugin-go-template": "^0.0.15",
				"prettier-plugin-sh": "^0.18.0"
			}
		},
		"node_modules/@cspell/dict-bash": {
			"version": "4.2.0",
			"resolved": "https://registry.npmjs.org/@cspell/dict-bash/-/dict-bash-4.2.0.tgz",
			"integrity": "sha512-HOyOS+4AbCArZHs/wMxX/apRkjxg6NDWdt0jF9i9XkvJQUltMwEhyA2TWYjQ0kssBsnof+9amax2lhiZnh3kCg==",
			"dev": true,
			"license": "MIT",
			"dependencies": {
				"@cspell/dict-shell": "1.1.0"
			}
		},
		"node_modules/@cspell/dict-companies": {
			"version": "3.2.1",
			"resolved": "https://registry.npmjs.org/@cspell/dict-companies/-/dict-companies-3.2.1.tgz",
			"integrity": "sha512-ryaeJ1KhTTKL4mtinMtKn8wxk6/tqD4vX5tFP+Hg89SiIXmbMk5vZZwVf+eyGUWJOyw5A1CVj9EIWecgoi+jYQ==",
			"dev": true,
			"license": "MIT"
		},
		"node_modules/@cspell/dict-css": {
			"version": "4.0.17",
			"resolved": "https://registry.npmjs.org/@cspell/dict-css/-/dict-css-4.0.17.tgz",
			"integrity": "sha512-2EisRLHk6X/PdicybwlajLGKF5aJf4xnX2uuG5lexuYKt05xV/J/OiBADmi8q9obhxf1nesrMQbqAt+6CsHo/w==",
			"dev": true,
			"license": "MIT",
			"peer": true
		},
		"node_modules/@cspell/dict-docker": {
			"version": "1.1.14",
			"resolved": "https://registry.npmjs.org/@cspell/dict-docker/-/dict-docker-1.1.14.tgz",
			"integrity": "sha512-p6Qz5mokvcosTpDlgSUREdSbZ10mBL3ndgCdEKMqjCSZJFdfxRdNdjrGER3lQ6LMq5jGr1r7nGXA0gvUJK80nw==",
			"dev": true,
			"license": "MIT"
		},
		"node_modules/@cspell/dict-fr-fr": {
			"version": "2.3.0",
			"resolved": "https://registry.npmjs.org/@cspell/dict-fr-fr/-/dict-fr-fr-2.3.0.tgz",
			"integrity": "sha512-OsUgonI5aWV8i+DmOl8KO0fqFLZFZIAvFaCysXROeYoSfumdiqzmBrgv6UNOIhYMIBfs2Os3UsM5E69sLpoY8g==",
			"dev": true,
			"license": "MIT"
		},
		"node_modules/@cspell/dict-git": {
			"version": "3.0.6",
			"resolved": "https://registry.npmjs.org/@cspell/dict-git/-/dict-git-3.0.6.tgz",
			"integrity": "sha512-nazfOqyxlBOQGgcur9ssEOEQCEZkH8vXfQe8SDEx8sCN/g0SFm8ktabgLVmBOXjy3RzjVNLlM2nBfRQ7e6+5hQ==",
			"dev": true,
			"license": "MIT"
		},
		"node_modules/@cspell/dict-html": {
			"version": "4.0.11",
			"resolved": "https://registry.npmjs.org/@cspell/dict-html/-/dict-html-4.0.11.tgz",
			"integrity": "sha512-QR3b/PB972SRQ2xICR1Nw/M44IJ6rjypwzA4jn+GH8ydjAX9acFNfc+hLZVyNe0FqsE90Gw3evLCOIF0vy1vQw==",
			"dev": true,
			"license": "MIT",
			"peer": true
		},
		"node_modules/@cspell/dict-html-symbol-entities": {
			"version": "4.0.3",
			"resolved": "https://registry.npmjs.org/@cspell/dict-html-symbol-entities/-/dict-html-symbol-entities-4.0.3.tgz",
			"integrity": "sha512-aABXX7dMLNFdSE8aY844X4+hvfK7977sOWgZXo4MTGAmOzR8524fjbJPswIBK7GaD3+SgFZ2yP2o0CFvXDGF+A==",
			"dev": true,
			"license": "MIT",
			"peer": true
		},
		"node_modules/@cspell/dict-markdown": {
			"version": "2.0.11",
			"resolved": "https://registry.npmjs.org/@cspell/dict-markdown/-/dict-markdown-2.0.11.tgz",
			"integrity": "sha512-stZieFKJyMQbzKTVoalSx2QqCpB0j8nPJF/5x+sBnDIWgMC65jp8Wil+jccWh9/vnUVukP3Ejewven5NC7SWuQ==",
			"dev": true,
			"license": "MIT",
			"peerDependencies": {
				"@cspell/dict-css": "^4.0.17",
				"@cspell/dict-html": "^4.0.11",
				"@cspell/dict-html-symbol-entities": "^4.0.3",
				"@cspell/dict-typescript": "^3.2.2"
			}
		},
		"node_modules/@cspell/dict-shell": {
			"version": "1.1.0",
			"resolved": "https://registry.npmjs.org/@cspell/dict-shell/-/dict-shell-1.1.0.tgz",
			"integrity": "sha512-D/xHXX7T37BJxNRf5JJHsvziFDvh23IF/KvkZXNSh8VqcRdod3BAz9VGHZf6VDqcZXr1VRqIYR3mQ8DSvs3AVQ==",
			"dev": true,
			"license": "MIT"
		},
		"node_modules/@cspell/dict-software-terms": {
			"version": "5.1.2",
			"resolved": "https://registry.npmjs.org/@cspell/dict-software-terms/-/dict-software-terms-5.1.2.tgz",
			"integrity": "sha512-MssT9yyInezB6mFqHTDNOIVjbMakORllIt7IJ91LrgiQOcDLzidR0gN9pE340s655TJ8U5MJNAfRfH0oRU14KQ==",
			"dev": true,
			"license": "MIT"
		},
		"node_modules/@cspell/dict-typescript": {
			"version": "3.2.2",
			"resolved": "https://registry.npmjs.org/@cspell/dict-typescript/-/dict-typescript-3.2.2.tgz",
			"integrity": "sha512-H9Y+uUHsTIDFO/jdfUAcqmcd5osT+2DB5b0aRCHfLWN/twUbGn/1qq3b7YwEvttxKlYzWHU3uNFf+KfA93VY7w==",
			"dev": true,
			"license": "MIT",
			"peer": true
		},
		"node_modules/@reteps/dockerfmt": {
			"version": "0.3.6",
			"resolved": "https://registry.npmjs.org/@reteps/dockerfmt/-/dockerfmt-0.3.6.tgz",
			"integrity": "sha512-Tb5wIMvBf/nLejTQ61krK644/CEMB/cpiaIFXqGApfGqO3GwcR3qnI0DbmkFVCl2OyEp8LnLX3EkucoL0+tbFg==",
			"dev": true,
			"license": "MIT",
			"engines": {
				"node": "^v12.20.0 || ^14.13.0 || >=16.0.0"
			}
		},
		"node_modules/prettier": {
			"version": "3.6.2",
			"resolved": "https://registry.npmjs.org/prettier/-/prettier-3.6.2.tgz",
			"integrity": "sha512-I7AIg5boAr5R0FFtJ6rCfD+LFsWHp81dolrFD8S79U9tb8Az2nGrJncnMSnys+bpQJfRUzqs9hnA81OAA3hCuQ==",
			"dev": true,
			"license": "MIT",
			"bin": {
				"prettier": "bin/prettier.cjs"
			},
			"engines": {
				"node": ">=14"
			},
			"funding": {
				"url": "https://github.com/prettier/prettier?sponsor=1"
			}
		},
		"node_modules/prettier-plugin-go-template": {
			"version": "0.0.15",
			"resolved": "https://registry.npmjs.org/prettier-plugin-go-template/-/prettier-plugin-go-template-0.0.15.tgz",
			"integrity": "sha512-WqU92E1NokWYNZ9mLE6ijoRg6LtIGdLMePt2C7UBDjXeDH9okcRI3zRqtnWR4s5AloiqyvZ66jNBAa9tmRY5EQ==",
			"dev": true,
			"license": "MIT",
			"dependencies": {
				"ulid": "^2.3.0"
			},
			"engines": {
				"node": ">=14.0.0"
			},
			"peerDependencies": {
				"prettier": "^3.0.0"
			}
		},
		"node_modules/prettier-plugin-sh": {
			"version": "0.18.0",
			"resolved": "https://registry.npmjs.org/prettier-plugin-sh/-/prettier-plugin-sh-0.18.0.tgz",
			"integrity": "sha512-cW1XL27FOJQ/qGHOW6IHwdCiNWQsAgK+feA8V6+xUTaH0cD3Mh+tFAtBvEEWvuY6hTDzRV943Fzeii+qMOh7nQ==",
			"dev": true,
			"license": "MIT",
			"dependencies": {
				"@reteps/dockerfmt": "^0.3.6",
				"sh-syntax": "^0.5.8"
			},
			"engines": {
				"node": ">=16.0.0"
			},
			"funding": {
				"url": "https://opencollective.com/unts"
			},
			"peerDependencies": {
				"prettier": "^3.6.0"
			}
		},
		"node_modules/sh-syntax": {
			"version": "0.5.8",
			"resolved": "https://registry.npmjs.org/sh-syntax/-/sh-syntax-0.5.8.tgz",
			"integrity": "sha512-JfVoxf4FxQI5qpsPbkHhZo+n6N9YMJobyl4oGEUBb/31oQYlgTjkXQD8PBiafS2UbWoxrTO0Z5PJUBXEPAG1Zw==",
			"dev": true,
			"license": "MIT",
			"dependencies": {
				"tslib": "^2.8.1"
			},
			"engines": {
				"node": ">=16.0.0"
			},
			"funding": {
				"url": "https://opencollective.com/sh-syntax"
			}
		},
		"node_modules/tslib": {
			"version": "2.8.1",
			"resolved": "https://registry.npmjs.org/tslib/-/tslib-2.8.1.tgz",
			"integrity": "sha512-oJFu94HQb+KVduSUQL7wnpmqnfmLsOA/nAh6b6EH0wCEoK0/mPeXU6c3wKDV83MkOuHPRHtSXKKU99IBazS/2w==",
			"dev": true,
			"license": "0BSD"
		},
		"node_modules/ulid": {
			"version": "2.4.0",
			"resolved": "https://registry.npmjs.org/ulid/-/ulid-2.4.0.tgz",
			"integrity": "sha512-fIRiVTJNcSRmXKPZtGzFQv9WRrZ3M9eoptl/teFJvjOzmpU+/K/JH6HZ8deBfb5vMEpicJcLn7JmvdknlMq7Zg==",
			"dev": true,
			"license": "MIT",
			"bin": {
				"ulid": "bin/cli.js"
			}
		}
	}
}
